// !$*UTF8*$!
{
	archiveVersion = 1;
	classes = {
	};
	objectVersion = 56;
	objects = {

/* Begin PBXBuildFile section */
		426D1C812C4B938C0056329E /* AppDelegate.swift in Sources */ = {isa = PBXBuildFile; fileRef = 426D1C802C4B938C0056329E /* AppDelegate.swift */; };
		426D1C832C4B938C0056329E /* SceneDelegate.swift in Sources */ = {isa = PBXBuildFile; fileRef = 426D1C822C4B938C0056329E /* SceneDelegate.swift */; };
		426D1C852C4B938C0056329E /* ViewController.swift in Sources */ = {isa = PBXBuildFile; fileRef = 426D1C842C4B938C0056329E /* ViewController.swift */; };
		426D1C882C4B938C0056329E /* Base in Resources */ = {isa = PBXBuildFile; fileRef = 426D1C872C4B938C0056329E /* Base */; };
		426D1C8A2C4B938D0056329E /* Assets.xcassets in Resources */ = {isa = PBXBuildFile; fileRef = 426D1C892C4B938D0056329E /* Assets.xcassets */; };
		426D1C8D2C4B938D0056329E /* Base in Resources */ = {isa = PBXBuildFile; fileRef = 426D1C8C2C4B938D0056329E /* Base */; };
		426D1C992C4B98B50056329E /* Presenter.swift in Sources */ = {isa = PBXBuildFile; fileRef = 426D1C982C4B98B50056329E /* Presenter.swift */; };
		426D1C9F2C4B9CEC0056329E /* URLManager.swift in Sources */ = {isa = PBXBuildFile; fileRef = 426D1C9E2C4B9CEC0056329E /* URLManager.swift */; };
		426D1CA12C4BBE610056329E /* ViewInterface.swift in Sources */ = {isa = PBXBuildFile; fileRef = 426D1CA02C4BBE610056329E /* ViewInterface.swift */; };
/* End PBXBuildFile section */

/* Begin PBXFileReference section */
		426D1C7D2C4B938C0056329E /* ArchitectureMVP.app */ = {isa = PBXFileReference; explicitFileType = wrapper.application; includeInIndex = 0; path = ArchitectureMVP.app; sourceTree = BUILT_PRODUCTS_DIR; };
		426D1C802C4B938C0056329E /* AppDelegate.swift */ = {isa = PBXFileReference; lastKnownFileType = sourcecode.swift; path = AppDelegate.swift; sourceTree = "<group>"; };
		426D1C822C4B938C0056329E /* SceneDelegate.swift */ = {isa = PBXFileReference; lastKnownFileType = sourcecode.swift; path = SceneDelegate.swift; sourceTree = "<group>"; };
		426D1C842C4B938C0056329E /* ViewController.swift */ = {isa = PBXFileReference; lastKnownFileType = sourcecode.swift; path = ViewController.swift; sourceTree = "<group>"; };
		426D1C872C4B938C0056329E /* Base */ = {isa = PBXFileReference; lastKnownFileType = file.storyboard; name = Base; path = Base.lproj/Main.storyboard; sourceTree = "<group>"; };
		426D1C892C4B938D0056329E /* Assets.xcassets */ = {isa = PBXFileReference; lastKnownFileType = folder.assetcatalog; path = Assets.xcassets; sourceTree = "<group>"; };
		426D1C8C2C4B938D0056329E /* Base */ = {isa = PBXFileReference; lastKnownFileType = file.storyboard; name = Base; path = Base.lproj/LaunchScreen.storyboard; sourceTree = "<group>"; };
		426D1C8E2C4B938D0056329E /* Info.plist */ = {isa = PBXFileReference; lastKnownFileType = text.plist.xml; path = Info.plist; sourceTree = "<group>"; };
		426D1C982C4B98B50056329E /* Presenter.swift */ = {isa = PBXFileReference; lastKnownFileType = sourcecode.swift; path = Presenter.swift; sourceTree = "<group>"; };
		426D1C9E2C4B9CEC0056329E /* URLManager.swift */ = {isa = PBXFileReference; lastKnownFileType = sourcecode.swift; path = URLManager.swift; sourceTree = "<group>"; };
		426D1CA02C4BBE610056329E /* ViewInterface.swift */ = {isa = PBXFileReference; lastKnownFileType = sourcecode.swift; path = ViewInterface.swift; sourceTree = "<group>"; };
/* End PBXFileReference section */

/* Begin PBXFrameworksBuildPhase section */
		426D1C7A2C4B938C0056329E /* Frameworks */ = {
			isa = PBXFrameworksBuildPhase;
			buildActionMask = 2147483647;
			files = (
			);
			runOnlyForDeploymentPostprocessing = 0;
		};
/* End PBXFrameworksBuildPhase section */

/* Begin PBXGroup section */
		426D1C742C4B938C0056329E = {
			isa = PBXGroup;
			children = (
				426D1C7F2C4B938C0056329E /* ArchitectureMVP */,
				426D1C7E2C4B938C0056329E /* Products */,
			);
			sourceTree = "<group>";
		};
		426D1C7E2C4B938C0056329E /* Products */ = {
			isa = PBXGroup;
			children = (
				426D1C7D2C4B938C0056329E /* ArchitectureMVP.app */,
			);
			name = Products;
			sourceTree = "<group>";
		};
		426D1C7F2C4B938C0056329E /* ArchitectureMVP */ = {
			isa = PBXGroup;
			children = (
				426D1C942C4B949E0056329E /* App */,
				426D1C972C4B95810056329E /* View */,
				426D1C962C4B95790056329E /* Presenter */,
				426D1C952C4B94E80056329E /* Model */,
			);
			path = ArchitectureMVP;
			sourceTree = "<group>";
		};
		426D1C942C4B949E0056329E /* App */ = {
			isa = PBXGroup;
			children = (
				426D1C862C4B938C0056329E /* Main.storyboard */,
				426D1C8B2C4B938D0056329E /* LaunchScreen.storyboard */,
				426D1C802C4B938C0056329E /* AppDelegate.swift */,
				426D1C822C4B938C0056329E /* SceneDelegate.swift */,
				426D1C892C4B938D0056329E /* Assets.xcassets */,
				426D1C8E2C4B938D0056329E /* Info.plist */,
			);
			path = App;
			sourceTree = "<group>";
		};
		426D1C952C4B94E80056329E /* Model */ = {
			isa = PBXGroup;
			children = (
				426D1C9E2C4B9CEC0056329E /* URLManager.swift */,
			);
			path = Model;
			sourceTree = "<group>";
		};
		426D1C962C4B95790056329E /* Presenter */ = {
			isa = PBXGroup;
			children = (
				426D1C982C4B98B50056329E /* Presenter.swift */,
			);
			path = Presenter;
			sourceTree = "<group>";
		};
		426D1C972C4B95810056329E /* View */ = {
			isa = PBXGroup;
			children = (
				426D1C842C4B938C0056329E /* ViewController.swift */,
				426D1CA02C4BBE610056329E /* ViewInterface.swift */,
			);
			path = View;
			sourceTree = "<group>";
		};
/* End PBXGroup section */

/* Begin PBXNativeTarget section */
		426D1C7C2C4B938C0056329E /* ArchitectureMVP */ = {
			isa = PBXNativeTarget;
			buildConfigurationList = 426D1C912C4B938D0056329E /* Build configuration list for PBXNativeTarget "ArchitectureMVP" */;
			buildPhases = (
				426D1C792C4B938C0056329E /* Sources */,
				426D1C7A2C4B938C0056329E /* Frameworks */,
				426D1C7B2C4B938C0056329E /* Resources */,
			);
			buildRules = (
			);
			dependencies = (
			);
			name = ArchitectureMVP;
			productName = ArchitectureMVP;
			productReference = 426D1C7D2C4B938C0056329E /* ArchitectureMVP.app */;
			productType = "com.apple.product-type.application";
		};
/* End PBXNativeTarget section */

/* Begin PBXProject section */
		426D1C752C4B938C0056329E /* Project object */ = {
			isa = PBXProject;
			attributes = {
				BuildIndependentTargetsInParallel = 1;
				LastSwiftUpdateCheck = 1540;
				LastUpgradeCheck = 1540;
				TargetAttributes = {
					426D1C7C2C4B938C0056329E = {
						CreatedOnToolsVersion = 15.4;
					};
				};
			};
			buildConfigurationList = 426D1C782C4B938C0056329E /* Build configuration list for PBXProject "ArchitectureMVP" */;
			compatibilityVersion = "Xcode 14.0";
			developmentRegion = en;
			hasScannedForEncodings = 0;
			knownRegions = (
				en,
				Base,
			);
			mainGroup = 426D1C742C4B938C0056329E;
			productRefGroup = 426D1C7E2C4B938C0056329E /* Products */;
			projectDirPath = "";
			projectRoot = "";
			targets = (
				426D1C7C2C4B938C0056329E /* ArchitectureMVP */,
			);
		};
/* End PBXProject section */

/* Begin PBXResourcesBuildPhase section */
		426D1C7B2C4B938C0056329E /* Resources */ = {
			isa = PBXResourcesBuildPhase;
			buildActionMask = 2147483647;
			files = (
				426D1C8A2C4B938D0056329E /* Assets.xcassets in Resources */,
				426D1C8D2C4B938D0056329E /* Base in Resources */,
				426D1C882C4B938C0056329E /* Base in Resources */,
			);
			runOnlyForDeploymentPostprocessing = 0;
		};
/* End PBXResourcesBuildPhase section */

/* Begin PBXSourcesBuildPhase section */
		426D1C792C4B938C0056329E /* Sources */ = {
			isa = PBXSourcesBuildPhase;
			buildActionMask = 2147483647;
			files = (
				426D1C852C4B938C0056329E /* ViewController.swift in Sources */,
				426D1C812C4B938C0056329E /* AppDelegate.swift in Sources */,
				426D1C992C4B98B50056329E /* Presenter.swift in Sources */,
				426D1CA12C4BBE610056329E /* ViewInterface.swift in Sources */,
				426D1C832C4B938C0056329E /* SceneDelegate.swift in Sources */,
				426D1C9F2C4B9CEC0056329E /* URLManager.swift in Sources */,
			);
			runOnlyForDeploymentPostprocessing = 0;
		};
/* End PBXSourcesBuildPhase section */

/* Begin PBXVariantGroup section */
		426D1C862C4B938C0056329E /* Main.storyboard */ = {
			isa = PBXVariantGroup;
			children = (
				426D1C872C4B938C0056329E /* Base */,
			);
			name = Main.storyboard;
			sourceTree = "<group>";
		};
		426D1C8B2C4B938D0056329E /* LaunchScreen.storyboard */ = {
			isa = PBXVariantGroup;
			children = (
				426D1C8C2C4B938D0056329E /* Base */,
			);
			name = LaunchScreen.storyboard;
			sourceTree = "<group>";
		};
/* End PBXVariantGroup section */

/* Begin XCBuildConfiguration section */
		426D1C8F2C4B938D0056329E /* Debug */ = {
			isa = XCBuildConfiguration;
			buildSettings = {
				ALWAYS_SEARCH_USER_PATHS = NO;
				ASSETCATALOG_COMPILER_GENERATE_SWIFT_ASSET_SYMBOL_EXTENSIONS = YES;
				CLANG_ANALYZER_NONNULL = YES;
				CLANG_ANALYZER_NUMBER_OBJECT_CONVERSION = YES_AGGRESSIVE;
				CLANG_CXX_LANGUAGE_STANDARD = "gnu++20";
				CLANG_ENABLE_MODULES = YES;
				CLANG_ENABLE_OBJC_ARC = YES;
				CLANG_ENABLE_OBJC_WEAK = YES;
				CLANG_WARN_BLOCK_CAPTURE_AUTORELEASING = YES;
				CLANG_WARN_BOOL_CONVERSION = YES;
				CLANG_WARN_COMMA = YES;
				CLANG_WARN_CONSTANT_CONVERSION = YES;
				CLANG_WARN_DEPRECATED_OBJC_IMPLEMENTATIONS = YES;
				CLANG_WARN_DIRECT_OBJC_ISA_USAGE = YES_ERROR;
				CLANG_WARN_DOCUMENTATION_COMMENTS = YES;
				CLANG_WARN_EMPTY_BODY = YES;
				CLANG_WARN_ENUM_CONVERSION = YES;
				CLANG_WARN_INFINITE_RECURSION = YES;
				CLANG_WARN_INT_CONVERSION = YES;
				CLANG_WARN_NON_LITERAL_NULL_CONVERSION = YES;
				CLANG_WARN_OBJC_IMPLICIT_RETAIN_SELF = YES;
				CLANG_WARN_OBJC_LITERAL_CONVERSION = YES;
				CLANG_WARN_OBJC_ROOT_CLASS = YES_ERROR;
				CLANG_WARN_QUOTED_INCLUDE_IN_FRAMEWORK_HEADER = YES;
				CLANG_WARN_RANGE_LOOP_ANALYSIS = YES;
				CLANG_WARN_STRICT_PROTOTYPES = YES;
				CLANG_WARN_SUSPICIOUS_MOVE = YES;
				CLANG_WARN_UNGUARDED_AVAILABILITY = YES_AGGRESSIVE;
				CLANG_WARN_UNREACHABLE_CODE = YES;
				CLANG_WARN__DUPLICATE_METHOD_MATCH = YES;
				COPY_PHASE_STRIP = NO;
				DEBUG_INFORMATION_FORMAT = dwarf;
				ENABLE_STRICT_OBJC_MSGSEND = YES;
				ENABLE_TESTABILITY = YES;
				ENABLE_USER_SCRIPT_SANDBOXING = YES;
				GCC_C_LANGUAGE_STANDARD = gnu17;
				GCC_DYNAMIC_NO_PIC = NO;
				GCC_NO_COMMON_BLOCKS = YES;
				GCC_OPTIMIZATION_LEVEL = 0;
				GCC_PREPROCESSOR_DEFINITIONS = (
					"DEBUG=1",
					"$(inherited)",
				);
				GCC_WARN_64_TO_32_BIT_CONVERSION = YES;
				GCC_WARN_ABOUT_RETURN_TYPE = YES_ERROR;
				GCC_WARN_UNDECLARED_SELECTOR = YES;
				GCC_WARN_UNINITIALIZED_AUTOS = YES_AGGRESSIVE;
				GCC_WARN_UNUSED_FUNCTION = YES;
				GCC_WARN_UNUSED_VARIABLE = YES;
				IPHONEOS_DEPLOYMENT_TARGET = 17.5;
				LOCALIZATION_PREFERS_STRING_CATALOGS = YES;
				MTL_ENABLE_DEBUG_INFO = INCLUDE_SOURCE;
				MTL_FAST_MATH = YES;
				ONLY_ACTIVE_ARCH = YES;
				SDKROOT = iphoneos;
				SWIFT_ACTIVE_COMPILATION_CONDITIONS = "DEBUG $(inherited)";
				SWIFT_OPTIMIZATION_LEVEL = "-Onone";
			};
			name = Debug;
		};
		426D1C902C4B938D0056329E /* Release */ = {
			isa = XCBuildConfiguration;
			buildSettings = {
				ALWAYS_SEARCH_USER_PATHS = NO;
				ASSETCATALOG_COMPILER_GENERATE_SWIFT_ASSET_SYMBOL_EXTENSIONS = YES;
				CLANG_ANALYZER_NONNULL = YES;
				CLANG_ANALYZER_NUMBER_OBJECT_CONVERSION = YES_AGGRESSIVE;
				CLANG_CXX_LANGUAGE_STANDARD = "gnu++20";
				CLANG_ENABLE_MODULES = YES;
				CLANG_ENABLE_OBJC_ARC = YES;
				CLANG_ENABLE_OBJC_WEAK = YES;
				CLANG_WARN_BLOCK_CAPTURE_AUTORELEASING = YES;
				CLANG_WARN_BOOL_CONVERSION = YES;
				CLANG_WARN_COMMA = YES;
				CLANG_WARN_CONSTANT_CONVERSION = YES;
				CLANG_WARN_DEPRECATED_OBJC_IMPLEMENTATIONS = YES;
				CLANG_WARN_DIRECT_OBJC_ISA_USAGE = YES_ERROR;
				CLANG_WARN_DOCUMENTATION_COMMENTS = YES;
				CLANG_WARN_EMPTY_BODY = YES;
				CLANG_WARN_ENUM_CONVERSION = YES;
				CLANG_WARN_INFINITE_RECURSION = YES;
				CLANG_WARN_INT_CONVERSION = YES;
				CLANG_WARN_NON_LITERAL_NULL_CONVERSION = YES;
				CLANG_WARN_OBJC_IMPLICIT_RETAIN_SELF = YES;
				CLANG_WARN_OBJC_LITERAL_CONVERSION = YES;
				CLANG_WARN_OBJC_ROOT_CLASS = YES_ERROR;
				CLANG_WARN_QUOTED_INCLUDE_IN_FRAMEWORK_HEADER = YES;
				CLANG_WARN_RANGE_LOOP_ANALYSIS = YES;
				CLANG_WARN_STRICT_PROTOTYPES = YES;
				CLANG_WARN_SUSPICIOUS_MOVE = YES;
				CLANG_WARN_UNGUARDED_AVAILABILITY = YES_AGGRESSIVE;
				CLANG_WARN_UNREACHABLE_CODE = YES;
				CLANG_WARN__DUPLICATE_METHOD_MATCH = YES;
				COPY_PHASE_STRIP = NO;
				DEBUG_INFORMATION_FORMAT = "dwarf-with-dsym";
				ENABLE_NS_ASSERTIONS = NO;
				ENABLE_STRICT_OBJC_MSGSEND = YES;
				ENABLE_USER_SCRIPT_SANDBOXING = YES;
				GCC_C_LANGUAGE_STANDARD = gnu17;
				GCC_NO_COMMON_BLOCKS = YES;
				GCC_WARN_64_TO_32_BIT_CONVERSION = YES;
				GCC_WARN_ABOUT_RETURN_TYPE = YES_ERROR;
				GCC_WARN_UNDECLARED_SELECTOR = YES;
				GCC_WARN_UNINITIALIZED_AUTOS = YES_AGGRESSIVE;
				GCC_WARN_UNUSED_FUNCTION = YES;
				GCC_WARN_UNUSED_VARIABLE = YES;
				IPHONEOS_DEPLOYMENT_TARGET = 17.5;
				LOCALIZATION_PREFERS_STRING_CATALOGS = YES;
				MTL_ENABLE_DEBUG_INFO = NO;
				MTL_FAST_MATH = YES;
				SDKROOT = iphoneos;
				SWIFT_COMPILATION_MODE = wholemodule;
				VALIDATE_PRODUCT = YES;
			};
			name = Release;
		};
		426D1C922C4B938D0056329E /* Debug */ = {
			isa = XCBuildConfiguration;
			buildSettings = {
				ASSETCATALOG_COMPILER_APPICON_NAME = AppIcon;
				ASSETCATALOG_COMPILER_GLOBAL_ACCENT_COLOR_NAME = AccentColor;
				CODE_SIGN_STYLE = Automatic;
				CURRENT_PROJECT_VERSION = 1;
				DEVELOPMENT_TEAM = VQLS72LDQP;
				GENERATE_INFOPLIST_FILE = YES;
				INFOPLIST_FILE = ArchitectureMVP/App/Info.plist;
				INFOPLIST_KEY_UIApplicationSupportsIndirectInputEvents = YES;
				INFOPLIST_KEY_UILaunchStoryboardName = LaunchScreen;
				INFOPLIST_KEY_UIMainStoryboardFile = Main;
				INFOPLIST_KEY_UISupportedInterfaceOrientations_iPad = "UIInterfaceOrientationPortrait UIInterfaceOrientationPortraitUpsideDown UIInterfaceOrientationLandscapeLeft UIInterfaceOrientationLandscapeRight";
				INFOPLIST_KEY_UISupportedInterfaceOrientations_iPhone = "UIInterfaceOrientationPortrait UIInterfaceOrientationLandscapeLeft UIInterfaceOrientationLandscapeRight";
				LD_RUNPATH_SEARCH_PATHS = (
					"$(inherited)",
					"@executable_path/Frameworks",
				);
				MARKETING_VERSION = 1.0;
				PRODUCT_BUNDLE_IDENTIFIER = com.Simmons.ArchitectureMVP;
				PRODUCT_NAME = "$(TARGET_NAME)";
				SWIFT_EMIT_LOC_STRINGS = YES;
				SWIFT_VERSION = 5.0;
				TARGETED_DEVICE_FAMILY = "1,2";
			};
			name = Debug;
		};
		426D1C932C4B938D0056329E /* Release */ = {
			isa = XCBuildConfiguration;
			buildSettings = {
				ASSETCATALOG_COMPILER_APPICON_NAME = AppIcon;
				ASSETCATALOG_COMPILER_GLOBAL_ACCENT_COLOR_NAME = AccentColor;
				CODE_SIGN_STYLE = Automatic;
				CURRENT_PROJECT_VERSION = 1;
				DEVELOPMENT_TEAM = VQLS72LDQP;
				GENERATE_INFOPLIST_FILE = YES;
				INFOPLIST_FILE = ArchitectureMVP/App/Info.plist;
				INFOPLIST_KEY_UIApplicationSupportsIndirectInputEvents = YES;
				INFOPLIST_KEY_UILaunchStoryboardName = LaunchScreen;
				INFOPLIST_KEY_UIMainStoryboardFile = Main;
				INFOPLIST_KEY_UISupportedInterfaceOrientations_iPad = "UIInterfaceOrientationPortrait UIInterfaceOrientationPortraitUpsideDown UIInterfaceOrientationLandscapeLeft UIInterfaceOrientationLandscapeRight";
				INFOPLIST_KEY_UISupportedInterfaceOrientations_iPhone = "UIInterfaceOrientationPortrait UIInterfaceOrientationLandscapeLeft UIInterfaceOrientationLandscapeRight";
				LD_RUNPATH_SEARCH_PATHS = (
					"$(inherited)",
					"@executable_path/Frameworks",
				);
				MARKETING_VERSION = 1.0;
				PRODUCT_BUNDLE_IDENTIFIER = com.Simmons.ArchitectureMVP;
				PRODUCT_NAME = "$(TARGET_NAME)";
				SWIFT_EMIT_LOC_STRINGS = YES;
				SWIFT_VERSION = 5.0;
				TARGETED_DEVICE_FAMILY = "1,2";
			};
			name = Release;
		};
/* End XCBuildConfiguration section */

/* Begin XCConfigurationList section */
		426D1C782C4B938C0056329E /* Build configuration list for PBXProject "ArchitectureMVP" */ = {
			isa = XCConfigurationList;
			buildConfigurations = (
				426D1C8F2C4B938D0056329E /* Debug */,
				426D1C902C4B938D0056329E /* Release */,
			);
			defaultConfigurationIsVisible = 0;
			defaultConfigurationName = Release;
		};
		426D1C912C4B938D0056329E /* Build configuration list for PBXNativeTarget "ArchitectureMVP" */ = {
			isa = XCConfigurationList;
			buildConfigurations = (
				426D1C922C4B938D0056329E /* Debug */,
				426D1C932C4B938D0056329E /* Release */,
			);
			defaultConfigurationIsVisible = 0;
			defaultConfigurationName = Release;
		};
/* End XCConfigurationList section */
	};
	rootObject = 426D1C752C4B938C0056329E /* Project object */;
}
